
Microsoft Visual Studio Solution File, Format Version 12.00
# Visual Studio Version 17
VisualStudioVersion = 17.12.35527.113 d17.12
MinimumVisualStudioVersion = 10.0.40219.1
Project("{9A19103F-16F7-4668-BE54-9A1E7A4F7556}") = "Sparc.Blossom.Template", "Sparc.Blossom.Template\Sparc.Blossom.Template.csproj", "{E1650E41-A97E-4116-8729-2FFC7042388A}"
EndProject
Project("{2150E333-8FDC-42A3-9474-1A3956D46DE8}") = "Solution Items", "Solution Items", "{4C760E5C-91F5-4054-843D-B3431A49FA7D}"
	ProjectSection(SolutionItems) = preProject
		README.md = README.md
	EndProjectSection
EndProject
Global
	GlobalSection(SolutionConfigurationPlatforms) = preSolution
		Debug|Any CPU = Debug|Any CPU
		Release|Any CPU = Release|Any CPU
	EndGlobalSection
	GlobalSection(ProjectConfigurationPlatforms) = postSolution
		{E1650E41-A97E-4116-8729-2FFC7042388A}.Debug|Any CPU.ActiveCfg = Debug|Any CPU
		{E1650E41-A97E-4116-8729-2FFC7042388A}.Debug|Any CPU.Build.0 = Debug|Any CPU
		{E1650E41-A97E-4116-8729-2FFC7042388A}.Release|Any CPU.ActiveCfg = Release|Any CPU
		{E1650E41-A97E-4116-8729-2FFC7042388A}.Release|Any CPU.Build.0 = Release|Any CPU
	EndGlobalSection
	GlobalSection(SolutionProperties) = preSolution
		HideSolutionNode = FALSE
	EndGlobalSection
	GlobalSection(ExtensibilityGlobals) = postSolution
		SolutionGuid = {FD8ED17E-088A-4EED-BE52-0CC3AB6BF734}
	EndGlobalSection
EndGlobal
